{
    "hash": "e346c8cf26eb007e40509dbc47cf4b6f",
    "packages": [
        {
            "package": "cilex/cilex",
            "version": "dev-master",
            "alias-pretty-version": "1.0.x-dev",
            "alias-version": "1.0.9999999.9999999-dev"
        },
        {
            "package": "cilex/cilex",
            "version": "dev-master",
            "source-reference": "c9db6dcf69ea9bc11e6bd2f25459075cafc5a305",
            "commit-date": "1338133991"
        },
        {
            "package": "dflydev/markdown",
            "version": "dev-master",
            "alias-pretty-version": "1.0.x-dev",
            "alias-version": "1.0.9999999.9999999-dev"
        },
        {
            "package": "dflydev/markdown",
            "version": "dev-master",
            "source-reference": "b0a6ee857b53228c07b9b631aea5c7a690c33da2",
            "commit-date": "1338238334"
        },
        {
            "package": "nikic/php-parser",
            "version": "dev-master",
            "source-reference": "v0.9.2",
            "commit-date": "1341692605"
        },
        {
            "package": "pear-pear.symfony-project.com/EventDispatcher",
            "version": "1.0.0"
        },
        {
            "package": "phpdocumentor/fileset",
            "version": "1.0.0-beta2"
        },
        {
            "package": "phpdocumentor/graphviz",
            "version": "1.0.0-beta3"
        },
        {
            "package": "phpdocumentor/plugin-twig",
            "version": "1.0.0"
        },
        {
            "package": "phpdocumentor/reflection-docblock",
            "version": "1.0.0"
        },
        {
            "package": "phpdocumentor/template-abstract",
            "version": "1.0.1"
        },
        {
            "package": "phpdocumentor/template-new-black",
            "version": "1.0.2"
        },
        {
            "package": "phpdocumentor/template-responsive",
            "version": "1.0.5"
        },
        {
            "package": "phpdocumentor/template-zend",
            "version": "1.0.1"
        },
        {
            "package": "phpdocumentor/unified-asset-installer",
            "version": "1.0.1-beta4"
        },
        {
            "package": "pimple/pimple",
            "version": "dev-master",
            "source-reference": "d2cfa2f02f50abef65c238747c753a5f6786f6be",
            "commit-date": "1341139100"
        },
        {
            "package": "symfony/class-loader",
            "version": "dev-master",
            "alias-pretty-version": "2.1.x-dev",
            "alias-version": "2.1.9999999.9999999-dev"
        },
        {
            "package": "symfony/class-loader",
            "version": "dev-master",
            "source-reference": "9c929006d1ad521604a8ccaa2526ca6f2149913c",
            "commit-date": "1341944896"
        },
        {
            "package": "symfony/console",
            "version": "dev-master",
            "alias-pretty-version": "2.1.x-dev",
            "alias-version": "2.1.9999999.9999999-dev"
        },
        {
            "package": "symfony/console",
            "version": "dev-master",
            "source-reference": "1438f833e8dd2fcc07683fbfe264d2977e444129",
            "commit-date": "1342170356"
        },
        {
            "package": "symfony/event-dispatcher",
            "version": "dev-master",
            "alias-pretty-version": "2.1.x-dev",
            "alias-version": "2.1.9999999.9999999-dev"
        },
        {
            "package": "symfony/event-dispatcher",
            "version": "dev-master",
            "source-reference": "0dc437f2eca7dea19facfde6db7f7f5e8e71d0bc",
            "commit-date": "1341838460"
        },
        {
            "package": "symfony/finder",
            "version": "dev-master",
            "alias-pretty-version": "2.1.x-dev",
            "alias-version": "2.1.9999999.9999999-dev"
        },
        {
            "package": "symfony/finder",
            "version": "dev-master",
            "source-reference": "53377047bae92edd04e232c79b653d2beb309bf6",
            "commit-date": "1341846417"
        },
        {
            "package": "symfony/process",
            "version": "dev-master",
            "alias-pretty-version": "2.1.x-dev",
            "alias-version": "2.1.9999999.9999999-dev"
        },
        {
            "package": "symfony/process",
            "version": "dev-master",
            "source-reference": "f78e5d1e0f74532ff2e9269a18c7202dc25159e9",
            "commit-date": "1342010717"
        },
        {
            "package": "twig/twig",
            "version": "dev-master",
            "alias-pretty-version": "1.9.x-dev",
            "alias-version": "1.9.9999999.9999999-dev"
        },
        {
            "package": "twig/twig",
            "version": "dev-master",
            "source-reference": "3f9f587ba72f9da84266b93ee1d0fc025b6b010f",
            "commit-date": "1342197076"
        },
        {
            "package": "zendframework/zend-config",
            "version": "2.0.0-beta5"
        },
        {
            "package": "zendframework/zend-locale",
            "version": "2.0.0-beta4"
        },
        {
            "package": "zendframework/zend-servicemanager",
            "version": "2.0.0-beta5"
        },
        {
            "package": "zendframework/zend-stdlib",
            "version": "2.0.0-beta5"
        },
        {
            "package": "zendframework/zend-translator",
            "version": "2.0.0-beta4"
        }
    ],
    "packages-dev": [
        {
            "package": "behat/behat",
            "version": "v2.4.2"
        },
        {
            "package": "behat/gherkin",
            "version": "v2.2.2"
        },
        {
            "package": "symfony/config",
            "version": "dev-master",
            "alias-pretty-version": "2.1.x-dev",
            "alias-version": "2.1.9999999.9999999-dev"
        },
        {
            "package": "symfony/config",
            "version": "dev-master",
            "source-reference": "c69e45e6744a607a8b2b9067008a47a0517c7cad",
            "commit-date": "1341929657"
        },
        {
            "package": "symfony/dependency-injection",
            "version": "dev-master",
            "alias-pretty-version": "2.1.x-dev",
            "alias-version": "2.1.9999999.9999999-dev"
        },
        {
            "package": "symfony/dependency-injection",
            "version": "dev-master",
            "source-reference": "803f11bdfd4730da01221b5ecb6a935a5f9b6bff",
            "commit-date": "1341838460"
        },
        {
            "package": "symfony/translation",
            "version": "dev-master",
            "alias-pretty-version": "2.1.x-dev",
            "alias-version": "2.1.9999999.9999999-dev"
        },
        {
            "package": "symfony/translation",
            "version": "dev-master",
            "source-reference": "d2ce6bcdaf479b2121e35fa850fd229817c1ee2a",
            "commit-date": "1341851012"
        },
        {
            "package": "symfony/yaml",
            "version": "dev-master",
            "alias-pretty-version": "2.1.x-dev",
            "alias-version": "2.1.9999999.9999999-dev"
        },
        {
            "package": "symfony/yaml",
            "version": "dev-master",
            "source-reference": "711eb7f1982184478995c064a132fd70b019f174",
            "commit-date": "1341838460"
        }
    ],
    "aliases": [

    ],
    "minimum-stability": "dev",
    "stability-flags": {
        "nikic/php-parser": 20,
        "phpdocumentor/fileset": 10,
        "behat/behat": 0
    }
}
