{
    "hash": "1202f566431284df63867a62baeb7e97",
    "packages": [
        {
            "package": "dflydev/markdown",
            "version": "dev-master",
            "source-reference": "91c6649f89472f6ab60a107a80acc72baacf585c",
            "alias": "1.0.9999999.9999999-dev"
        },
        {
            "package": "monolog/monolog",
            "version": "1.0.2"
        },
        {
            "package": "pear-symfony/EventDispatcher",
            "version": "1.0.0"
        },
        {
            "package": "phpdocumentor/graphviz",
            "version": "1.0.0-beta3"
        },
        {
            "package": "phpdocumentor/reflection-docblock",
            "version": "1.0.0-beta3"
        },
        {
            "package": "phpdocumentor/template-installer",
            "version": "1.0.1-beta3"
        },
        {
            "package": "phpdocumentor/template.responsive",
            "version": "1.0.1"
        },
        {
            "package": "symfony/event-dispatcher",
            "version": "dev-master",
            "source-reference": "07e1d0174f3a0ec36bbe04b3850270df7a86271d"
        },
        {
            "package": "symfony/finder",
            "version": "dev-master",
            "source-reference": "57ec7198a70e6c40e450ba66cc2f8ecab98746c8",
            "alias": "2.1.9999999.9999999-dev"
        }
    ],
    "aliases": []
}
