{
    "hash": "875d3df98c3bdcac661b69cb1cd9cc78",
    "packages": [
        {
            "package": "cilex/cilex",
            "version": "dev-master",
            "alias-pretty-version": "1.0.x-dev",
            "alias-version": "1.0.9999999.9999999-dev"
        },
        {
            "package": "cilex/cilex",
            "version": "dev-master",
            "source-reference": "c9db6dcf69ea9bc11e6bd2f25459075cafc5a305",
            "commit-date": "1338133991"
        },
        {
            "package": "dflydev/markdown",
            "version": "dev-master",
            "alias-pretty-version": "1.0.x-dev",
            "alias-version": "1.0.9999999.9999999-dev"
        },
        {
            "package": "dflydev/markdown",
            "version": "dev-master",
            "source-reference": "b0a6ee857b53228c07b9b631aea5c7a690c33da2",
            "commit-date": "1338238334"
        },
        {
            "package": "nikic/php-parser",
            "version": "dev-master",
            "source-reference": "v0.9.2",
            "commit-date": "1341692605"
        },
        {
            "package": "phpdocumentor/fileset",
            "version": "1.0.0-beta2"
        },
        {
            "package": "phpdocumentor/graphviz",
            "version": "1.0.0-beta3"
        },
        {
            "package": "phpdocumentor/plugin-twig",
            "version": "1.0.0"
        },
        {
            "package": "phpdocumentor/reflection-docblock",
            "version": "1.0.0"
        },
        {
            "package": "phpdocumentor/template-abstract",
            "version": "1.0.1"
        },
        {
            "package": "phpdocumentor/template-new-black",
            "version": "1.0.2"
        },
        {
            "package": "phpdocumentor/template-responsive",
            "version": "1.0.5"
        },
        {
            "package": "phpdocumentor/template-zend",
            "version": "1.0.1"
        },
        {
            "package": "phpdocumentor/unified-asset-installer",
            "version": "1.0.1-beta4"
        },
        {
            "package": "pimple/pimple",
            "version": "dev-master",
            "alias-pretty-version": "1.0.x-dev",
            "alias-version": "1.0.9999999.9999999-dev"
        },
        {
            "package": "pimple/pimple",
            "version": "dev-master",
            "source-reference": "d2cfa2f02f50abef65c238747c753a5f6786f6be",
            "commit-date": "1341139100"
        },
        {
            "package": "symfony/class-loader",
            "version": "dev-master",
            "alias-pretty-version": "2.1.x-dev",
            "alias-version": "2.1.9999999.9999999-dev"
        },
        {
            "package": "symfony/class-loader",
            "version": "dev-master",
            "source-reference": "4e528fda43c1f3a9c2462098add0122ab894fc5e",
            "commit-date": "1342207366"
        },
        {
            "package": "symfony/console",
            "version": "dev-master",
            "alias-pretty-version": "2.1.x-dev",
            "alias-version": "2.1.9999999.9999999-dev"
        },
        {
            "package": "symfony/console",
            "version": "dev-master",
            "source-reference": "dc021a50834dcf2a7cb65f38f98d570f6eff3f38",
            "commit-date": "1342207366"
        },
        {
            "package": "symfony/event-dispatcher",
            "version": "dev-master",
            "alias-pretty-version": "2.1.x-dev",
            "alias-version": "2.1.9999999.9999999-dev"
        },
        {
            "package": "symfony/event-dispatcher",
            "version": "dev-master",
            "source-reference": "b99b49760016467099f010aff7a5098861d49e09",
            "commit-date": "1342207366"
        },
        {
            "package": "symfony/finder",
            "version": "dev-master",
            "alias-pretty-version": "2.1.x-dev",
            "alias-version": "2.1.9999999.9999999-dev"
        },
        {
            "package": "symfony/finder",
            "version": "dev-master",
            "source-reference": "3338fb3883eaed08a30b206a79491f6e48dfc12b",
            "commit-date": "1342207366"
        },
        {
            "package": "symfony/process",
            "version": "dev-master",
            "alias-pretty-version": "2.1.x-dev",
            "alias-version": "2.1.9999999.9999999-dev"
        },
        {
            "package": "symfony/process",
            "version": "dev-master",
            "source-reference": "5ec4b91df4ce83a6dad94f79112b4cd218811bf4",
            "commit-date": "1342207366"
        },
        {
            "package": "twig/twig",
            "version": "dev-master",
            "alias-pretty-version": "1.9.x-dev",
            "alias-version": "1.9.9999999.9999999-dev"
        },
        {
            "package": "twig/twig",
            "version": "dev-master",
            "source-reference": "3f9f587ba72f9da84266b93ee1d0fc025b6b010f",
            "commit-date": "1342197076"
        },
        {
            "package": "zendframework/zend-config",
            "version": "2.0.0-beta5"
        },
        {
            "package": "zendframework/zend-locale",
            "version": "2.0.0-beta4"
        },
        {
            "package": "zendframework/zend-servicemanager",
            "version": "2.0.0-beta5"
        },
        {
            "package": "zendframework/zend-stdlib",
            "version": "2.0.0-beta5"
        },
        {
            "package": "zendframework/zend-translator",
            "version": "2.0.0-beta4"
        }
    ],
    "packages-dev": [
        {
            "package": "behat/behat",
            "version": "v2.4.2"
        },
        {
            "package": "behat/gherkin",
            "version": "v2.2.2"
        },
        {
            "package": "symfony/config",
            "version": "dev-master",
            "alias-pretty-version": "2.1.x-dev",
            "alias-version": "2.1.9999999.9999999-dev"
        },
        {
            "package": "symfony/config",
            "version": "dev-master",
            "source-reference": "e94d9f83fbf64fb7c9be9367beac316b1ca98f92",
            "commit-date": "1342207366"
        },
        {
            "package": "symfony/dependency-injection",
            "version": "dev-master",
            "alias-pretty-version": "2.1.x-dev",
            "alias-version": "2.1.9999999.9999999-dev"
        },
        {
            "package": "symfony/dependency-injection",
            "version": "dev-master",
            "source-reference": "2a99f2b0b9d5fda1f5b7710723f393f93aa399b6",
            "commit-date": "1342207366"
        },
        {
            "package": "symfony/translation",
            "version": "dev-master",
            "alias-pretty-version": "2.1.x-dev",
            "alias-version": "2.1.9999999.9999999-dev"
        },
        {
            "package": "symfony/translation",
            "version": "dev-master",
            "source-reference": "4a5467c883b2f5791d4597ac74d67c5ccfd772f8",
            "commit-date": "1342207366"
        },
        {
            "package": "symfony/yaml",
            "version": "dev-master",
            "alias-pretty-version": "2.1.x-dev",
            "alias-version": "2.1.9999999.9999999-dev"
        },
        {
            "package": "symfony/yaml",
            "version": "dev-master",
            "source-reference": "84ec179dc8ecc36c84b3ccbd88901f867b8746a2",
            "commit-date": "1342207366"
        }
    ],
    "aliases": [

    ],
    "minimum-stability": "dev",
    "stability-flags": {
        "nikic/php-parser": 20,
        "phpdocumentor/fileset": 10,
        "behat/behat": 0
    }
}
